
Microsoft Visual Studio Solution File, Format Version 12.00
# Visual Studio Version 16
VisualStudioVersion = 16.0.29806.167
MinimumVisualStudioVersion = 10.0.40219.1
Project("{2150E333-8FDC-42A3-9474-1A3956D46DE8}") = "Common", "Common", "{FB505D35-160C-48FD-91EE-08B76CC19053}"
EndProject
Project("{9A19103F-16F7-4668-BE54-9A1E7A4F7556}") = "Tcs.Common.Domain", "Tcs.Common.Domain\Tcs.Common.Domain.csproj", "{4692559D-6BCD-4A90-8DEB-2A6CD4794A6C}"
EndProject
Project("{9A19103F-16F7-4668-BE54-9A1E7A4F7556}") = "Tcs.Common.Infrastructure", "Tcs.Common.Infrastructure\Tcs.Common.Infrastructure.csproj", "{B9CD56D5-59B4-4E9B-9267-F12CCFC0901C}"
EndProject
Project("{9A19103F-16F7-4668-BE54-9A1E7A4F7556}") = "Tcs.Common.Models", "Tcs.Common.Models\Tcs.Common.Models.csproj", "{9CD0AE9E-A4E8-4B40-A0B7-A8C05C5F25A3}"
EndProject
Project("{2150E333-8FDC-42A3-9474-1A3956D46DE8}") = "MicroServices", "MicroServices", "{9B426E47-6E50-4C44-9DFB-FB80F5688627}"
EndProject
Project("{2150E333-8FDC-42A3-9474-1A3956D46DE8}") = "Identity", "Identity", "{B8C4F24F-C013-4540-90DC-C1B3B895C6FD}"
EndProject
Project("{9A19103F-16F7-4668-BE54-9A1E7A4F7556}") = "Tcs.Identity.Api", "Tcs.Identity.Api\Tcs.Identity.Api.csproj", "{9096AF6B-2594-44AC-9396-92DDE9721193}"
EndProject
Project("{9A19103F-16F7-4668-BE54-9A1E7A4F7556}") = "Tcs.Identity.Data", "Tcs.Identity.Data\Tcs.Identity.Data.csproj", "{7AC0D61C-04E2-4D25-A5A2-046722C7A620}"
EndProject
Project("{9A19103F-16F7-4668-BE54-9A1E7A4F7556}") = "Tcs.Identity.Domain", "Tcs.Identity.Domain\Tcs.Identity.Domain.csproj", "{B7D5D951-EC56-46DF-9167-5189264923FE}"
EndProject
Project("{2150E333-8FDC-42A3-9474-1A3956D46DE8}") = "ApiGateways", "ApiGateways", "{1D2B00BB-E2B0-4D0A-A115-A9825DDEF043}"
EndProject
Project("{FAE04EC0-301F-11D3-BF4B-00C04F79EFBC}") = "Tcs.Bff.Web", "Tcs.Bff.Web\Tcs.Bff.Web.csproj", "{715FF0D1-1279-43BB-AF10-B51BD2AB9CD2}"
EndProject
Global
	GlobalSection(SolutionConfigurationPlatforms) = preSolution
		Debug|Any CPU = Debug|Any CPU
		Release|Any CPU = Release|Any CPU
	EndGlobalSection
	GlobalSection(ProjectConfigurationPlatforms) = postSolution
		{4692559D-6BCD-4A90-8DEB-2A6CD4794A6C}.Debug|Any CPU.ActiveCfg = Debug|Any CPU
		{4692559D-6BCD-4A90-8DEB-2A6CD4794A6C}.Debug|Any CPU.Build.0 = Debug|Any CPU
		{4692559D-6BCD-4A90-8DEB-2A6CD4794A6C}.Release|Any CPU.ActiveCfg = Release|Any CPU
		{4692559D-6BCD-4A90-8DEB-2A6CD4794A6C}.Release|Any CPU.Build.0 = Release|Any CPU
		{B9CD56D5-59B4-4E9B-9267-F12CCFC0901C}.Debug|Any CPU.ActiveCfg = Debug|Any CPU
		{B9CD56D5-59B4-4E9B-9267-F12CCFC0901C}.Debug|Any CPU.Build.0 = Debug|Any CPU
		{B9CD56D5-59B4-4E9B-9267-F12CCFC0901C}.Release|Any CPU.ActiveCfg = Release|Any CPU
		{B9CD56D5-59B4-4E9B-9267-F12CCFC0901C}.Release|Any CPU.Build.0 = Release|Any CPU
		{9CD0AE9E-A4E8-4B40-A0B7-A8C05C5F25A3}.Debug|Any CPU.ActiveCfg = Debug|Any CPU
		{9CD0AE9E-A4E8-4B40-A0B7-A8C05C5F25A3}.Debug|Any CPU.Build.0 = Debug|Any CPU
		{9CD0AE9E-A4E8-4B40-A0B7-A8C05C5F25A3}.Release|Any CPU.ActiveCfg = Release|Any CPU
		{9CD0AE9E-A4E8-4B40-A0B7-A8C05C5F25A3}.Release|Any CPU.Build.0 = Release|Any CPU
		{9096AF6B-2594-44AC-9396-92DDE9721193}.Debug|Any CPU.ActiveCfg = Debug|Any CPU
		{9096AF6B-2594-44AC-9396-92DDE9721193}.Debug|Any CPU.Build.0 = Debug|Any CPU
		{9096AF6B-2594-44AC-9396-92DDE9721193}.Release|Any CPU.ActiveCfg = Release|Any CPU
		{9096AF6B-2594-44AC-9396-92DDE9721193}.Release|Any CPU.Build.0 = Release|Any CPU
		{7AC0D61C-04E2-4D25-A5A2-046722C7A620}.Debug|Any CPU.ActiveCfg = Debug|Any CPU
		{7AC0D61C-04E2-4D25-A5A2-046722C7A620}.Debug|Any CPU.Build.0 = Debug|Any CPU
		{7AC0D61C-04E2-4D25-A5A2-046722C7A620}.Release|Any CPU.ActiveCfg = Release|Any CPU
		{7AC0D61C-04E2-4D25-A5A2-046722C7A620}.Release|Any CPU.Build.0 = Release|Any CPU
		{B7D5D951-EC56-46DF-9167-5189264923FE}.Debug|Any CPU.ActiveCfg = Debug|Any CPU
		{B7D5D951-EC56-46DF-9167-5189264923FE}.Debug|Any CPU.Build.0 = Debug|Any CPU
		{B7D5D951-EC56-46DF-9167-5189264923FE}.Release|Any CPU.ActiveCfg = Release|Any CPU
		{B7D5D951-EC56-46DF-9167-5189264923FE}.Release|Any CPU.Build.0 = Release|Any CPU
		{715FF0D1-1279-43BB-AF10-B51BD2AB9CD2}.Debug|Any CPU.ActiveCfg = Debug|Any CPU
		{715FF0D1-1279-43BB-AF10-B51BD2AB9CD2}.Debug|Any CPU.Build.0 = Debug|Any CPU
		{715FF0D1-1279-43BB-AF10-B51BD2AB9CD2}.Release|Any CPU.ActiveCfg = Release|Any CPU
		{715FF0D1-1279-43BB-AF10-B51BD2AB9CD2}.Release|Any CPU.Build.0 = Release|Any CPU
	EndGlobalSection
	GlobalSection(SolutionProperties) = preSolution
		HideSolutionNode = FALSE
	EndGlobalSection
	GlobalSection(NestedProjects) = preSolution
		{4692559D-6BCD-4A90-8DEB-2A6CD4794A6C} = {FB505D35-160C-48FD-91EE-08B76CC19053}
		{B9CD56D5-59B4-4E9B-9267-F12CCFC0901C} = {FB505D35-160C-48FD-91EE-08B76CC19053}
		{9CD0AE9E-A4E8-4B40-A0B7-A8C05C5F25A3} = {FB505D35-160C-48FD-91EE-08B76CC19053}
		{B8C4F24F-C013-4540-90DC-C1B3B895C6FD} = {9B426E47-6E50-4C44-9DFB-FB80F5688627}
		{9096AF6B-2594-44AC-9396-92DDE9721193} = {B8C4F24F-C013-4540-90DC-C1B3B895C6FD}
		{7AC0D61C-04E2-4D25-A5A2-046722C7A620} = {B8C4F24F-C013-4540-90DC-C1B3B895C6FD}
		{B7D5D951-EC56-46DF-9167-5189264923FE} = {B8C4F24F-C013-4540-90DC-C1B3B895C6FD}
		{715FF0D1-1279-43BB-AF10-B51BD2AB9CD2} = {1D2B00BB-E2B0-4D0A-A115-A9825DDEF043}
	EndGlobalSection
	GlobalSection(ExtensibilityGlobals) = postSolution
		SolutionGuid = {05647E62-DC21-4753-A686-73652E8C59C1}
	EndGlobalSection
EndGlobal
